
Microsoft Visual Studio Solution File, Format Version 12.00
# Visual Studio Version 17
VisualStudioVersion = 17.8.34525.116
MinimumVisualStudioVersion = 10.0.40219.1
Project("{FAE04EC0-301F-11D3-BF4B-00C04F79EFBC}") = "Veterinaria.Shared", "Veterinaria.Shared\Veterinaria.Shared.csproj", "{1E474257-253F-4774-8FF4-E4E2ABE11DE1}"
EndProject
Project("{FAE04EC0-301F-11D3-BF4B-00C04F79EFBC}") = "Veterinaria.API", "Veterinari.API\Veterinaria.API.csproj", "{DF4A9A34-18D7-4AF7-AEF7-A23B4CE3CEA8}"
EndProject
Project("{FAE04EC0-301F-11D3-BF4B-00C04F79EFBC}") = "Veterinaria.WEB", "Veterinaria.WEB\Veterinaria.WEB.csproj", "{FCDEE487-4D5E-48DF-BF8B-91C44D93C4A2}"
EndProject
Global
	GlobalSection(SolutionConfigurationPlatforms) = preSolution
		Debug|Any CPU = Debug|Any CPU
		Release|Any CPU = Release|Any CPU
	EndGlobalSection
	GlobalSection(ProjectConfigurationPlatforms) = postSolution
		{1E474257-253F-4774-8FF4-E4E2ABE11DE1}.Debug|Any CPU.ActiveCfg = Debug|Any CPU
		{1E474257-253F-4774-8FF4-E4E2ABE11DE1}.Debug|Any CPU.Build.0 = Debug|Any CPU
		{1E474257-253F-4774-8FF4-E4E2ABE11DE1}.Release|Any CPU.ActiveCfg = Release|Any CPU
		{1E474257-253F-4774-8FF4-E4E2ABE11DE1}.Release|Any CPU.Build.0 = Release|Any CPU
		{DF4A9A34-18D7-4AF7-AEF7-A23B4CE3CEA8}.Debug|Any CPU.ActiveCfg = Debug|Any CPU
		{DF4A9A34-18D7-4AF7-AEF7-A23B4CE3CEA8}.Debug|Any CPU.Build.0 = Debug|Any CPU
		{DF4A9A34-18D7-4AF7-AEF7-A23B4CE3CEA8}.Release|Any CPU.ActiveCfg = Release|Any CPU
		{DF4A9A34-18D7-4AF7-AEF7-A23B4CE3CEA8}.Release|Any CPU.Build.0 = Release|Any CPU
		{FCDEE487-4D5E-48DF-BF8B-91C44D93C4A2}.Debug|Any CPU.ActiveCfg = Debug|Any CPU
		{FCDEE487-4D5E-48DF-BF8B-91C44D93C4A2}.Debug|Any CPU.Build.0 = Debug|Any CPU
		{FCDEE487-4D5E-48DF-BF8B-91C44D93C4A2}.Release|Any CPU.ActiveCfg = Release|Any CPU
		{FCDEE487-4D5E-48DF-BF8B-91C44D93C4A2}.Release|Any CPU.Build.0 = Release|Any CPU
	EndGlobalSection
	GlobalSection(SolutionProperties) = preSolution
		HideSolutionNode = FALSE
	EndGlobalSection
	GlobalSection(ExtensibilityGlobals) = postSolution
		SolutionGuid = {79023E82-1C46-4C04-8276-2D75F3EAD0DA}
	EndGlobalSection
EndGlobal
